// !$*UTF8*$!
{
	archiveVersion = 1;
	classes = {
	};
	objectVersion = 56;
	objects = {

/* Begin PBXBuildFile section */
		18ECEB97AC0C71CD410A2E1B /* Pods_job_hunting_support.framework in Frameworks */ = {isa = PBXBuildFile; fileRef = 557FA53EC785D9675D0767C5 /* Pods_job_hunting_support.framework */; };
		7A0A90582A7B86DF00CE3DD1 /* CompanyDetailView.swift in Sources */ = {isa = PBXBuildFile; fileRef = 7A0A90572A7B86DF00CE3DD1 /* CompanyDetailView.swift */; };
		7A0A905A2A7B874800CE3DD1 /* CompanyAddView.swift in Sources */ = {isa = PBXBuildFile; fileRef = 7A0A90592A7B874800CE3DD1 /* CompanyAddView.swift */; };
		7A0A905C2A7B87C200CE3DD1 /* CompanyEditView.swift in Sources */ = {isa = PBXBuildFile; fileRef = 7A0A905B2A7B87C200CE3DD1 /* CompanyEditView.swift */; };
		D90D49A12A440CC0003E5017 /* job_hunting_supportApp.swift in Sources */ = {isa = PBXBuildFile; fileRef = D90D49A02A440CC0003E5017 /* job_hunting_supportApp.swift */; };
		D90D49A32A440CC0003E5017 /* ContentView.swift in Sources */ = {isa = PBXBuildFile; fileRef = D90D49A22A440CC0003E5017 /* ContentView.swift */; };
		D90D49A52A440CC2003E5017 /* Assets.xcassets in Resources */ = {isa = PBXBuildFile; fileRef = D90D49A42A440CC2003E5017 /* Assets.xcassets */; };
		D90D49A82A440CC2003E5017 /* Preview Assets.xcassets in Resources */ = {isa = PBXBuildFile; fileRef = D90D49A72A440CC2003E5017 /* Preview Assets.xcassets */; };
		D90D49B32A441356003E5017 /* LoginView.swift in Sources */ = {isa = PBXBuildFile; fileRef = D90D49B22A441356003E5017 /* LoginView.swift */; };
		D90D49B52A44139C003E5017 /* CreateAccountView.swift in Sources */ = {isa = PBXBuildFile; fileRef = D90D49B42A44139C003E5017 /* CreateAccountView.swift */; };
		D90D49B72A44145F003E5017 /* CompanyListView.swift in Sources */ = {isa = PBXBuildFile; fileRef = D90D49B62A44145F003E5017 /* CompanyListView.swift */; };
		D90D49B92A4414F2003E5017 /* HomeView.swift in Sources */ = {isa = PBXBuildFile; fileRef = D90D49B82A4414F2003E5017 /* HomeView.swift */; };
		D90D49BB2A441536003E5017 /* ProfileView.swift in Sources */ = {isa = PBXBuildFile; fileRef = D90D49BA2A441536003E5017 /* ProfileView.swift */; };
		D90D49BD2A44155A003E5017 /* appfunc.swift in Sources */ = {isa = PBXBuildFile; fileRef = D90D49BC2A44155A003E5017 /* appfunc.swift */; };
		D9981FD02A7EC80B00F3EB8B /* InternAddView.swift in Sources */ = {isa = PBXBuildFile; fileRef = D9981FCF2A7EC80B00F3EB8B /* InternAddView.swift */; };
		D9981FD22A7EC82000F3EB8B /* InternDetailView.swift in Sources */ = {isa = PBXBuildFile; fileRef = D9981FD12A7EC82000F3EB8B /* InternDetailView.swift */; };
		D9981FD42A7EC83300F3EB8B /* InternEditView.swift in Sources */ = {isa = PBXBuildFile; fileRef = D9981FD32A7EC83300F3EB8B /* InternEditView.swift */; };
		D9981FD62A7EC83C00F3EB8B /* InternView.swift in Sources */ = {isa = PBXBuildFile; fileRef = D9981FD52A7EC83C00F3EB8B /* InternView.swift */; };
		D9981FD82A7EC87700F3EB8B /* ProfileEditView.swift in Sources */ = {isa = PBXBuildFile; fileRef = D9981FD72A7EC87700F3EB8B /* ProfileEditView.swift */; };
		D9981FDA2A7EC97400F3EB8B /* ScheduleAddView.swift in Sources */ = {isa = PBXBuildFile; fileRef = D9981FD92A7EC97400F3EB8B /* ScheduleAddView.swift */; };
		D9981FDC2A7EC99F00F3EB8B /* ScheduleDetailView.swift in Sources */ = {isa = PBXBuildFile; fileRef = D9981FDB2A7EC99F00F3EB8B /* ScheduleDetailView.swift */; };
		D9981FDE2A7EC9C200F3EB8B /* ScheduleEditView.swift in Sources */ = {isa = PBXBuildFile; fileRef = D9981FDD2A7EC9C200F3EB8B /* ScheduleEditView.swift */; };
		D9981FE02A7EC9E300F3EB8B /* ScheduleView.swift in Sources */ = {isa = PBXBuildFile; fileRef = D9981FDF2A7EC9E300F3EB8B /* ScheduleView.swift */; };
		D9981FE22A7EC9FD00F3EB8B /* SelectionInfoAddView.swift in Sources */ = {isa = PBXBuildFile; fileRef = D9981FE12A7EC9FD00F3EB8B /* SelectionInfoAddView.swift */; };
		D9981FE42A7ECA1B00F3EB8B /* SelectionInfoDetailView.swift in Sources */ = {isa = PBXBuildFile; fileRef = D9981FE32A7ECA1B00F3EB8B /* SelectionInfoDetailView.swift */; };
		D9981FE62A7ECA3500F3EB8B /* SelectionInfoEditView.swift in Sources */ = {isa = PBXBuildFile; fileRef = D9981FE52A7ECA3500F3EB8B /* SelectionInfoEditView.swift */; };
		D9981FE82A7ECA5000F3EB8B /* SelectionInfoView.swift in Sources */ = {isa = PBXBuildFile; fileRef = D9981FE72A7ECA5000F3EB8B /* SelectionInfoView.swift */; };
/* End PBXBuildFile section */

/* Begin PBXFileReference section */
		2FCD6B74DBE438FF752A106C /* Pods-job-hunting-support.release.xcconfig */ = {isa = PBXFileReference; includeInIndex = 1; lastKnownFileType = text.xcconfig; name = "Pods-job-hunting-support.release.xcconfig"; path = "Target Support Files/Pods-job-hunting-support/Pods-job-hunting-support.release.xcconfig"; sourceTree = "<group>"; };
		557FA53EC785D9675D0767C5 /* Pods_job_hunting_support.framework */ = {isa = PBXFileReference; explicitFileType = wrapper.framework; includeInIndex = 0; path = Pods_job_hunting_support.framework; sourceTree = BUILT_PRODUCTS_DIR; };
		7A0A90572A7B86DF00CE3DD1 /* CompanyDetailView.swift */ = {isa = PBXFileReference; lastKnownFileType = sourcecode.swift; path = CompanyDetailView.swift; sourceTree = "<group>"; };
		7A0A90592A7B874800CE3DD1 /* CompanyAddView.swift */ = {isa = PBXFileReference; lastKnownFileType = sourcecode.swift; path = CompanyAddView.swift; sourceTree = "<group>"; };
		7A0A905B2A7B87C200CE3DD1 /* CompanyEditView.swift */ = {isa = PBXFileReference; lastKnownFileType = sourcecode.swift; path = CompanyEditView.swift; sourceTree = "<group>"; };
		7D72D8F82A7B5E5100BCB8A4 /* Info.plist */ = {isa = PBXFileReference; lastKnownFileType = text.plist; path = Info.plist; sourceTree = "<group>"; };
		7E7572B45EEAC7985F974781 /* Pods-job-hunting-support.debug.xcconfig */ = {isa = PBXFileReference; includeInIndex = 1; lastKnownFileType = text.xcconfig; name = "Pods-job-hunting-support.debug.xcconfig"; path = "Target Support Files/Pods-job-hunting-support/Pods-job-hunting-support.debug.xcconfig"; sourceTree = "<group>"; };
		D90D499D2A440CC0003E5017 /* job-hunting-support.app */ = {isa = PBXFileReference; explicitFileType = wrapper.application; includeInIndex = 0; path = "job-hunting-support.app"; sourceTree = BUILT_PRODUCTS_DIR; };
		D90D49A02A440CC0003E5017 /* job_hunting_supportApp.swift */ = {isa = PBXFileReference; lastKnownFileType = sourcecode.swift; path = job_hunting_supportApp.swift; sourceTree = "<group>"; };
		D90D49A22A440CC0003E5017 /* ContentView.swift */ = {isa = PBXFileReference; lastKnownFileType = sourcecode.swift; path = ContentView.swift; sourceTree = "<group>"; };
		D90D49A42A440CC2003E5017 /* Assets.xcassets */ = {isa = PBXFileReference; lastKnownFileType = folder.assetcatalog; path = Assets.xcassets; sourceTree = "<group>"; };
		D90D49A72A440CC2003E5017 /* Preview Assets.xcassets */ = {isa = PBXFileReference; lastKnownFileType = folder.assetcatalog; path = "Preview Assets.xcassets"; sourceTree = "<group>"; };
		D90D49B22A441356003E5017 /* LoginView.swift */ = {isa = PBXFileReference; lastKnownFileType = sourcecode.swift; path = LoginView.swift; sourceTree = "<group>"; };
		D90D49B42A44139C003E5017 /* CreateAccountView.swift */ = {isa = PBXFileReference; lastKnownFileType = sourcecode.swift; path = CreateAccountView.swift; sourceTree = "<group>"; };
		D90D49B62A44145F003E5017 /* CompanyListView.swift */ = {isa = PBXFileReference; lastKnownFileType = sourcecode.swift; path = CompanyListView.swift; sourceTree = "<group>"; };
		D90D49B82A4414F2003E5017 /* HomeView.swift */ = {isa = PBXFileReference; lastKnownFileType = sourcecode.swift; path = HomeView.swift; sourceTree = "<group>"; };
		D90D49BA2A441536003E5017 /* ProfileView.swift */ = {isa = PBXFileReference; lastKnownFileType = sourcecode.swift; path = ProfileView.swift; sourceTree = "<group>"; };
		D90D49BC2A44155A003E5017 /* appfunc.swift */ = {isa = PBXFileReference; lastKnownFileType = sourcecode.swift; path = appfunc.swift; sourceTree = "<group>"; };
		D9981FCF2A7EC80B00F3EB8B /* InternAddView.swift */ = {isa = PBXFileReference; lastKnownFileType = sourcecode.swift; path = InternAddView.swift; sourceTree = "<group>"; };
		D9981FD12A7EC82000F3EB8B /* InternDetailView.swift */ = {isa = PBXFileReference; lastKnownFileType = sourcecode.swift; path = InternDetailView.swift; sourceTree = "<group>"; };
		D9981FD32A7EC83300F3EB8B /* InternEditView.swift */ = {isa = PBXFileReference; lastKnownFileType = sourcecode.swift; path = InternEditView.swift; sourceTree = "<group>"; };
		D9981FD52A7EC83C00F3EB8B /* InternView.swift */ = {isa = PBXFileReference; lastKnownFileType = sourcecode.swift; path = InternView.swift; sourceTree = "<group>"; };
		D9981FD72A7EC87700F3EB8B /* ProfileEditView.swift */ = {isa = PBXFileReference; lastKnownFileType = sourcecode.swift; path = ProfileEditView.swift; sourceTree = "<group>"; };
		D9981FD92A7EC97400F3EB8B /* ScheduleAddView.swift */ = {isa = PBXFileReference; lastKnownFileType = sourcecode.swift; path = ScheduleAddView.swift; sourceTree = "<group>"; };
		D9981FDB2A7EC99F00F3EB8B /* ScheduleDetailView.swift */ = {isa = PBXFileReference; lastKnownFileType = sourcecode.swift; path = ScheduleDetailView.swift; sourceTree = "<group>"; };
		D9981FDD2A7EC9C200F3EB8B /* ScheduleEditView.swift */ = {isa = PBXFileReference; lastKnownFileType = sourcecode.swift; path = ScheduleEditView.swift; sourceTree = "<group>"; };
		D9981FDF2A7EC9E300F3EB8B /* ScheduleView.swift */ = {isa = PBXFileReference; lastKnownFileType = sourcecode.swift; path = ScheduleView.swift; sourceTree = "<group>"; };
		D9981FE12A7EC9FD00F3EB8B /* SelectionInfoAddView.swift */ = {isa = PBXFileReference; lastKnownFileType = sourcecode.swift; path = SelectionInfoAddView.swift; sourceTree = "<group>"; };
		D9981FE32A7ECA1B00F3EB8B /* SelectionInfoDetailView.swift */ = {isa = PBXFileReference; lastKnownFileType = sourcecode.swift; path = SelectionInfoDetailView.swift; sourceTree = "<group>"; };
		D9981FE52A7ECA3500F3EB8B /* SelectionInfoEditView.swift */ = {isa = PBXFileReference; lastKnownFileType = sourcecode.swift; path = SelectionInfoEditView.swift; sourceTree = "<group>"; };
		D9981FE72A7ECA5000F3EB8B /* SelectionInfoView.swift */ = {isa = PBXFileReference; lastKnownFileType = sourcecode.swift; path = SelectionInfoView.swift; sourceTree = "<group>"; };
/* End PBXFileReference section */

/* Begin PBXFrameworksBuildPhase section */
		D90D499A2A440CC0003E5017 /* Frameworks */ = {
			isa = PBXFrameworksBuildPhase;
			buildActionMask = 2147483647;
			files = (
				18ECEB97AC0C71CD410A2E1B /* Pods_job_hunting_support.framework in Frameworks */,
			);
			runOnlyForDeploymentPostprocessing = 0;
		};
/* End PBXFrameworksBuildPhase section */

/* Begin PBXGroup section */
		6171D36B1758C41836029FAE /* Frameworks */ = {
			isa = PBXGroup;
			children = (
				557FA53EC785D9675D0767C5 /* Pods_job_hunting_support.framework */,
			);
			name = Frameworks;
			sourceTree = "<group>";
		};
		B4237EB887C82B779AAEE1AA /* Pods */ = {
			isa = PBXGroup;
			children = (
				7E7572B45EEAC7985F974781 /* Pods-job-hunting-support.debug.xcconfig */,
				2FCD6B74DBE438FF752A106C /* Pods-job-hunting-support.release.xcconfig */,
			);
			path = Pods;
			sourceTree = "<group>";
		};
		D90D49942A440CC0003E5017 = {
			isa = PBXGroup;
			children = (
				D90D499F2A440CC0003E5017 /* job-hunting-support */,
				D90D499E2A440CC0003E5017 /* Products */,
				B4237EB887C82B779AAEE1AA /* Pods */,
				6171D36B1758C41836029FAE /* Frameworks */,
			);
			sourceTree = "<group>";
		};
		D90D499E2A440CC0003E5017 /* Products */ = {
			isa = PBXGroup;
			children = (
				D90D499D2A440CC0003E5017 /* job-hunting-support.app */,
			);
			name = Products;
			sourceTree = "<group>";
		};
		D90D499F2A440CC0003E5017 /* job-hunting-support */ = {
			isa = PBXGroup;
			children = (
				7D72D8F82A7B5E5100BCB8A4 /* Info.plist */,
				D90D49A02A440CC0003E5017 /* job_hunting_supportApp.swift */,
				D90D49B22A441356003E5017 /* LoginView.swift */,
				D90D49B42A44139C003E5017 /* CreateAccountView.swift */,
				D90D49A22A440CC0003E5017 /* ContentView.swift */,
				D90D49B82A4414F2003E5017 /* HomeView.swift */,
				D90D49B62A44145F003E5017 /* CompanyListView.swift */,
				7A0A90592A7B874800CE3DD1 /* CompanyAddView.swift */,
				7A0A905B2A7B87C200CE3DD1 /* CompanyEditView.swift */,
				7A0A90572A7B86DF00CE3DD1 /* CompanyDetailView.swift */,
				D9981FD52A7EC83C00F3EB8B /* InternView.swift */,
				D9981FCF2A7EC80B00F3EB8B /* InternAddView.swift */,
				D9981FD12A7EC82000F3EB8B /* InternDetailView.swift */,
				D9981FD32A7EC83300F3EB8B /* InternEditView.swift */,
				D90D49BA2A441536003E5017 /* ProfileView.swift */,
				D9981FD72A7EC87700F3EB8B /* ProfileEditView.swift */,
				D9981FD92A7EC97400F3EB8B /* ScheduleAddView.swift */,
				D9981FDB2A7EC99F00F3EB8B /* ScheduleDetailView.swift */,
				D9981FDD2A7EC9C200F3EB8B /* ScheduleEditView.swift */,
				D9981FDF2A7EC9E300F3EB8B /* ScheduleView.swift */,
				D9981FE12A7EC9FD00F3EB8B /* SelectionInfoAddView.swift */,
				D9981FE32A7ECA1B00F3EB8B /* SelectionInfoDetailView.swift */,
				D9981FE52A7ECA3500F3EB8B /* SelectionInfoEditView.swift */,
				D9981FE72A7ECA5000F3EB8B /* SelectionInfoView.swift */,
				D90D49BC2A44155A003E5017 /* appfunc.swift */,
				D90D49A42A440CC2003E5017 /* Assets.xcassets */,
				D90D49A62A440CC2003E5017 /* Preview Content */,
			);
			path = "job-hunting-support";
			sourceTree = "<group>";
		};
		D90D49A62A440CC2003E5017 /* Preview Content */ = {
			isa = PBXGroup;
			children = (
				D90D49A72A440CC2003E5017 /* Preview Assets.xcassets */,
			);
			path = "Preview Content";
			sourceTree = "<group>";
		};
/* End PBXGroup section */

/* Begin PBXNativeTarget section */
		D90D499C2A440CC0003E5017 /* job-hunting-support */ = {
			isa = PBXNativeTarget;
			buildConfigurationList = D90D49AB2A440CC2003E5017 /* Build configuration list for PBXNativeTarget "job-hunting-support" */;
			buildPhases = (
				187F206F9EDDBD09AD0E1363 /* [CP] Check Pods Manifest.lock */,
				D90D49992A440CC0003E5017 /* Sources */,
				D90D499A2A440CC0003E5017 /* Frameworks */,
				D90D499B2A440CC0003E5017 /* Resources */,
				F75E15FA447222D0C4CA77B6 /* [CP] Embed Pods Frameworks */,
			);
			buildRules = (
			);
			dependencies = (
			);
			name = "job-hunting-support";
			productName = "job-hunting-support";
			productReference = D90D499D2A440CC0003E5017 /* job-hunting-support.app */;
			productType = "com.apple.product-type.application";
		};
/* End PBXNativeTarget section */

/* Begin PBXProject section */
		D90D49952A440CC0003E5017 /* Project object */ = {
			isa = PBXProject;
			attributes = {
				BuildIndependentTargetsInParallel = 1;
				LastSwiftUpdateCheck = 1430;
				LastUpgradeCheck = 1430;
				TargetAttributes = {
					D90D499C2A440CC0003E5017 = {
						CreatedOnToolsVersion = 14.3.1;
					};
				};
			};
			buildConfigurationList = D90D49982A440CC0003E5017 /* Build configuration list for PBXProject "job-hunting-support" */;
			compatibilityVersion = "Xcode 14.0";
			developmentRegion = en;
			hasScannedForEncodings = 0;
			knownRegions = (
				en,
				Base,
			);
			mainGroup = D90D49942A440CC0003E5017;
			productRefGroup = D90D499E2A440CC0003E5017 /* Products */;
			projectDirPath = "";
			projectRoot = "";
			targets = (
				D90D499C2A440CC0003E5017 /* job-hunting-support */,
			);
		};
/* End PBXProject section */

/* Begin PBXResourcesBuildPhase section */
		D90D499B2A440CC0003E5017 /* Resources */ = {
			isa = PBXResourcesBuildPhase;
			buildActionMask = 2147483647;
			files = (
				D90D49A82A440CC2003E5017 /* Preview Assets.xcassets in Resources */,
				D90D49A52A440CC2003E5017 /* Assets.xcassets in Resources */,
			);
			runOnlyForDeploymentPostprocessing = 0;
		};
/* End PBXResourcesBuildPhase section */

/* Begin PBXShellScriptBuildPhase section */
		187F206F9EDDBD09AD0E1363 /* [CP] Check Pods Manifest.lock */ = {
			isa = PBXShellScriptBuildPhase;
			buildActionMask = 2147483647;
			files = (
			);
			inputFileListPaths = (
			);
			inputPaths = (
				"${PODS_PODFILE_DIR_PATH}/Podfile.lock",
				"${PODS_ROOT}/Manifest.lock",
			);
			name = "[CP] Check Pods Manifest.lock";
			outputFileListPaths = (
			);
			outputPaths = (
				"$(DERIVED_FILE_DIR)/Pods-job-hunting-support-checkManifestLockResult.txt",
			);
			runOnlyForDeploymentPostprocessing = 0;
			shellPath = /bin/sh;
			shellScript = "diff \"${PODS_PODFILE_DIR_PATH}/Podfile.lock\" \"${PODS_ROOT}/Manifest.lock\" > /dev/null\nif [ $? != 0 ] ; then\n    # print error to STDERR\n    echo \"error: The sandbox is not in sync with the Podfile.lock. Run 'pod install' or update your CocoaPods installation.\" >&2\n    exit 1\nfi\n# This output is used by Xcode 'outputs' to avoid re-running this script phase.\necho \"SUCCESS\" > \"${SCRIPT_OUTPUT_FILE_0}\"\n";
			showEnvVarsInLog = 0;
		};
		F75E15FA447222D0C4CA77B6 /* [CP] Embed Pods Frameworks */ = {
			isa = PBXShellScriptBuildPhase;
			buildActionMask = 2147483647;
			files = (
			);
			inputFileListPaths = (
				"${PODS_ROOT}/Target Support Files/Pods-job-hunting-support/Pods-job-hunting-support-frameworks-${CONFIGURATION}-input-files.xcfilelist",
			);
			name = "[CP] Embed Pods Frameworks";
			outputFileListPaths = (
				"${PODS_ROOT}/Target Support Files/Pods-job-hunting-support/Pods-job-hunting-support-frameworks-${CONFIGURATION}-output-files.xcfilelist",
			);
			runOnlyForDeploymentPostprocessing = 0;
			shellPath = /bin/sh;
			shellScript = "\"${PODS_ROOT}/Target Support Files/Pods-job-hunting-support/Pods-job-hunting-support-frameworks.sh\"\n";
			showEnvVarsInLog = 0;
		};
/* End PBXShellScriptBuildPhase section */

/* Begin PBXSourcesBuildPhase section */
		D90D49992A440CC0003E5017 /* Sources */ = {
			isa = PBXSourcesBuildPhase;
			buildActionMask = 2147483647;
			files = (
				D9981FE42A7ECA1B00F3EB8B /* SelectionInfoDetailView.swift in Sources */,
				D9981FD82A7EC87700F3EB8B /* ProfileEditView.swift in Sources */,
				D9981FE82A7ECA5000F3EB8B /* SelectionInfoView.swift in Sources */,
				D9981FDA2A7EC97400F3EB8B /* ScheduleAddView.swift in Sources */,
				D9981FD42A7EC83300F3EB8B /* InternEditView.swift in Sources */,
				D9981FDE2A7EC9C200F3EB8B /* ScheduleEditView.swift in Sources */,
				D90D49B32A441356003E5017 /* LoginView.swift in Sources */,
				D90D49A32A440CC0003E5017 /* ContentView.swift in Sources */,
				D9981FDC2A7EC99F00F3EB8B /* ScheduleDetailView.swift in Sources */,
				D9981FD02A7EC80B00F3EB8B /* InternAddView.swift in Sources */,
				D9981FE62A7ECA3500F3EB8B /* SelectionInfoEditView.swift in Sources */,
				D90D49B72A44145F003E5017 /* CompanyListView.swift in Sources */,
				7A0A90582A7B86DF00CE3DD1 /* CompanyDetailView.swift in Sources */,
				D9981FD62A7EC83C00F3EB8B /* InternView.swift in Sources */,
				D9981FD22A7EC82000F3EB8B /* InternDetailView.swift in Sources */,
				7A0A905C2A7B87C200CE3DD1 /* CompanyEditView.swift in Sources */,
				D90D49B92A4414F2003E5017 /* HomeView.swift in Sources */,
				D90D49B52A44139C003E5017 /* CreateAccountView.swift in Sources */,
				D9981FE22A7EC9FD00F3EB8B /* SelectionInfoAddView.swift in Sources */,
				7A0A905A2A7B874800CE3DD1 /* CompanyAddView.swift in Sources */,
				D90D49BD2A44155A003E5017 /* appfunc.swift in Sources */,
				D9981FE02A7EC9E300F3EB8B /* ScheduleView.swift in Sources */,
				D90D49BB2A441536003E5017 /* ProfileView.swift in Sources */,
				D90D49A12A440CC0003E5017 /* job_hunting_supportApp.swift in Sources */,
			);
			runOnlyForDeploymentPostprocessing = 0;
		};
/* End PBXSourcesBuildPhase section */

/* Begin XCBuildConfiguration section */
		D90D49A92A440CC2003E5017 /* Debug */ = {
			isa = XCBuildConfiguration;
			buildSettings = {
				ALWAYS_SEARCH_USER_PATHS = NO;
				CLANG_ANALYZER_NONNULL = YES;
				CLANG_ANALYZER_NUMBER_OBJECT_CONVERSION = YES_AGGRESSIVE;
				CLANG_CXX_LANGUAGE_STANDARD = "gnu++20";
				CLANG_ENABLE_MODULES = YES;
				CLANG_ENABLE_OBJC_ARC = YES;
				CLANG_ENABLE_OBJC_WEAK = YES;
				CLANG_WARN_BLOCK_CAPTURE_AUTORELEASING = YES;
				CLANG_WARN_BOOL_CONVERSION = YES;
				CLANG_WARN_COMMA = YES;
				CLANG_WARN_CONSTANT_CONVERSION = YES;
				CLANG_WARN_DEPRECATED_OBJC_IMPLEMENTATIONS = YES;
				CLANG_WARN_DIRECT_OBJC_ISA_USAGE = YES_ERROR;
				CLANG_WARN_DOCUMENTATION_COMMENTS = YES;
				CLANG_WARN_EMPTY_BODY = YES;
				CLANG_WARN_ENUM_CONVERSION = YES;
				CLANG_WARN_INFINITE_RECURSION = YES;
				CLANG_WARN_INT_CONVERSION = YES;
				CLANG_WARN_NON_LITERAL_NULL_CONVERSION = YES;
				CLANG_WARN_OBJC_IMPLICIT_RETAIN_SELF = YES;
				CLANG_WARN_OBJC_LITERAL_CONVERSION = YES;
				CLANG_WARN_OBJC_ROOT_CLASS = YES_ERROR;
				CLANG_WARN_QUOTED_INCLUDE_IN_FRAMEWORK_HEADER = YES;
				CLANG_WARN_RANGE_LOOP_ANALYSIS = YES;
				CLANG_WARN_STRICT_PROTOTYPES = YES;
				CLANG_WARN_SUSPICIOUS_MOVE = YES;
				CLANG_WARN_UNGUARDED_AVAILABILITY = YES_AGGRESSIVE;
				CLANG_WARN_UNREACHABLE_CODE = YES;
				CLANG_WARN__DUPLICATE_METHOD_MATCH = YES;
				COPY_PHASE_STRIP = NO;
				DEBUG_INFORMATION_FORMAT = dwarf;
				ENABLE_STRICT_OBJC_MSGSEND = YES;
				ENABLE_TESTABILITY = YES;
				GCC_C_LANGUAGE_STANDARD = gnu11;
				GCC_DYNAMIC_NO_PIC = NO;
				GCC_NO_COMMON_BLOCKS = YES;
				GCC_OPTIMIZATION_LEVEL = 0;
				GCC_PREPROCESSOR_DEFINITIONS = (
					"DEBUG=1",
					"$(inherited)",
				);
				GCC_WARN_64_TO_32_BIT_CONVERSION = YES;
				GCC_WARN_ABOUT_RETURN_TYPE = YES_ERROR;
				GCC_WARN_UNDECLARED_SELECTOR = YES;
				GCC_WARN_UNINITIALIZED_AUTOS = YES_AGGRESSIVE;
				GCC_WARN_UNUSED_FUNCTION = YES;
				GCC_WARN_UNUSED_VARIABLE = YES;
				IPHONEOS_DEPLOYMENT_TARGET = 16.4;
				MTL_ENABLE_DEBUG_INFO = INCLUDE_SOURCE;
				MTL_FAST_MATH = YES;
				ONLY_ACTIVE_ARCH = YES;
				SDKROOT = iphoneos;
				SWIFT_ACTIVE_COMPILATION_CONDITIONS = DEBUG;
				SWIFT_OPTIMIZATION_LEVEL = "-Onone";
			};
			name = Debug;
		};
		D90D49AA2A440CC2003E5017 /* Release */ = {
			isa = XCBuildConfiguration;
			buildSettings = {
				ALWAYS_SEARCH_USER_PATHS = NO;
				CLANG_ANALYZER_NONNULL = YES;
				CLANG_ANALYZER_NUMBER_OBJECT_CONVERSION = YES_AGGRESSIVE;
				CLANG_CXX_LANGUAGE_STANDARD = "gnu++20";
				CLANG_ENABLE_MODULES = YES;
				CLANG_ENABLE_OBJC_ARC = YES;
				CLANG_ENABLE_OBJC_WEAK = YES;
				CLANG_WARN_BLOCK_CAPTURE_AUTORELEASING = YES;
				CLANG_WARN_BOOL_CONVERSION = YES;
				CLANG_WARN_COMMA = YES;
				CLANG_WARN_CONSTANT_CONVERSION = YES;
				CLANG_WARN_DEPRECATED_OBJC_IMPLEMENTATIONS = YES;
				CLANG_WARN_DIRECT_OBJC_ISA_USAGE = YES_ERROR;
				CLANG_WARN_DOCUMENTATION_COMMENTS = YES;
				CLANG_WARN_EMPTY_BODY = YES;
				CLANG_WARN_ENUM_CONVERSION = YES;
				CLANG_WARN_INFINITE_RECURSION = YES;
				CLANG_WARN_INT_CONVERSION = YES;
				CLANG_WARN_NON_LITERAL_NULL_CONVERSION = YES;
				CLANG_WARN_OBJC_IMPLICIT_RETAIN_SELF = YES;
				CLANG_WARN_OBJC_LITERAL_CONVERSION = YES;
				CLANG_WARN_OBJC_ROOT_CLASS = YES_ERROR;
				CLANG_WARN_QUOTED_INCLUDE_IN_FRAMEWORK_HEADER = YES;
				CLANG_WARN_RANGE_LOOP_ANALYSIS = YES;
				CLANG_WARN_STRICT_PROTOTYPES = YES;
				CLANG_WARN_SUSPICIOUS_MOVE = YES;
				CLANG_WARN_UNGUARDED_AVAILABILITY = YES_AGGRESSIVE;
				CLANG_WARN_UNREACHABLE_CODE = YES;
				CLANG_WARN__DUPLICATE_METHOD_MATCH = YES;
				COPY_PHASE_STRIP = NO;
				DEBUG_INFORMATION_FORMAT = "dwarf-with-dsym";
				ENABLE_NS_ASSERTIONS = NO;
				ENABLE_STRICT_OBJC_MSGSEND = YES;
				GCC_C_LANGUAGE_STANDARD = gnu11;
				GCC_NO_COMMON_BLOCKS = YES;
				GCC_WARN_64_TO_32_BIT_CONVERSION = YES;
				GCC_WARN_ABOUT_RETURN_TYPE = YES_ERROR;
				GCC_WARN_UNDECLARED_SELECTOR = YES;
				GCC_WARN_UNINITIALIZED_AUTOS = YES_AGGRESSIVE;
				GCC_WARN_UNUSED_FUNCTION = YES;
				GCC_WARN_UNUSED_VARIABLE = YES;
				IPHONEOS_DEPLOYMENT_TARGET = 16.4;
				MTL_ENABLE_DEBUG_INFO = NO;
				MTL_FAST_MATH = YES;
				SDKROOT = iphoneos;
				SWIFT_COMPILATION_MODE = wholemodule;
				SWIFT_OPTIMIZATION_LEVEL = "-O";
				VALIDATE_PRODUCT = YES;
			};
			name = Release;
		};
		D90D49AC2A440CC2003E5017 /* Debug */ = {
			isa = XCBuildConfiguration;
			baseConfigurationReference = 7E7572B45EEAC7985F974781 /* Pods-job-hunting-support.debug.xcconfig */;
			buildSettings = {
				ASSETCATALOG_COMPILER_APPICON_NAME = AppIcon;
				ASSETCATALOG_COMPILER_GLOBAL_ACCENT_COLOR_NAME = AccentColor;
				CODE_SIGN_STYLE = Automatic;
				CURRENT_PROJECT_VERSION = 1;
				DEVELOPMENT_ASSET_PATHS = "\"job-hunting-support/Preview Content\"";
				DEVELOPMENT_TEAM = 5DTX4R27WN;
				ENABLE_PREVIEWS = YES;
				GENERATE_INFOPLIST_FILE = YES;
				INFOPLIST_FILE = "job-hunting-support/Info.plist";
				INFOPLIST_KEY_UIApplicationSupportsIndirectInputEvents = YES;
				INFOPLIST_KEY_UILaunchScreen_Generation = YES;
				INFOPLIST_KEY_UISupportedInterfaceOrientations_iPad = "UIInterfaceOrientationPortrait UIInterfaceOrientationPortraitUpsideDown UIInterfaceOrientationLandscapeLeft UIInterfaceOrientationLandscapeRight";
				INFOPLIST_KEY_UISupportedInterfaceOrientations_iPhone = "UIInterfaceOrientationPortrait UIInterfaceOrientationLandscapeLeft UIInterfaceOrientationLandscapeRight";
				LD_RUNPATH_SEARCH_PATHS = (
					"$(inherited)",
					"@executable_path/Frameworks",
				);
				MARKETING_VERSION = 1.0;
				PRODUCT_BUNDLE_IDENTIFIER = "com.crab85193.job-hunting-support";
				PRODUCT_NAME = "$(TARGET_NAME)";
				SWIFT_EMIT_LOC_STRINGS = YES;
				SWIFT_VERSION = 5.0;
				TARGETED_DEVICE_FAMILY = "1,2";
			};
			name = Debug;
		};
		D90D49AD2A440CC2003E5017 /* Release */ = {
			isa = XCBuildConfiguration;
			baseConfigurationReference = 2FCD6B74DBE438FF752A106C /* Pods-job-hunting-support.release.xcconfig */;
			buildSettings = {
				ASSETCATALOG_COMPILER_APPICON_NAME = AppIcon;
				ASSETCATALOG_COMPILER_GLOBAL_ACCENT_COLOR_NAME = AccentColor;
				CODE_SIGN_STYLE = Automatic;
				CURRENT_PROJECT_VERSION = 1;
				DEVELOPMENT_ASSET_PATHS = "\"job-hunting-support/Preview Content\"";
				DEVELOPMENT_TEAM = 5DTX4R27WN;
				ENABLE_PREVIEWS = YES;
				GENERATE_INFOPLIST_FILE = YES;
				INFOPLIST_FILE = "job-hunting-support/Info.plist";
				INFOPLIST_KEY_UIApplicationSupportsIndirectInputEvents = YES;
				INFOPLIST_KEY_UILaunchScreen_Generation = YES;
				INFOPLIST_KEY_UISupportedInterfaceOrientations_iPad = "UIInterfaceOrientationPortrait UIInterfaceOrientationPortraitUpsideDown UIInterfaceOrientationLandscapeLeft UIInterfaceOrientationLandscapeRight";
				INFOPLIST_KEY_UISupportedInterfaceOrientations_iPhone = "UIInterfaceOrientationPortrait UIInterfaceOrientationLandscapeLeft UIInterfaceOrientationLandscapeRight";
				LD_RUNPATH_SEARCH_PATHS = (
					"$(inherited)",
					"@executable_path/Frameworks",
				);
				MARKETING_VERSION = 1.0;
				PRODUCT_BUNDLE_IDENTIFIER = "com.crab85193.job-hunting-support";
				PRODUCT_NAME = "$(TARGET_NAME)";
				SWIFT_EMIT_LOC_STRINGS = YES;
				SWIFT_VERSION = 5.0;
				TARGETED_DEVICE_FAMILY = "1,2";
			};
			name = Release;
		};
/* End XCBuildConfiguration section */

/* Begin XCConfigurationList section */
		D90D49982A440CC0003E5017 /* Build configuration list for PBXProject "job-hunting-support" */ = {
			isa = XCConfigurationList;
			buildConfigurations = (
				D90D49A92A440CC2003E5017 /* Debug */,
				D90D49AA2A440CC2003E5017 /* Release */,
			);
			defaultConfigurationIsVisible = 0;
			defaultConfigurationName = Release;
		};
		D90D49AB2A440CC2003E5017 /* Build configuration list for PBXNativeTarget "job-hunting-support" */ = {
			isa = XCConfigurationList;
			buildConfigurations = (
				D90D49AC2A440CC2003E5017 /* Debug */,
				D90D49AD2A440CC2003E5017 /* Release */,
			);
			defaultConfigurationIsVisible = 0;
			defaultConfigurationName = Release;
		};
/* End XCConfigurationList section */
	};
	rootObject = D90D49952A440CC0003E5017 /* Project object */;
}
